
Microsoft Visual Studio Solution File, Format Version 12.00
# Visual Studio Version 16
VisualStudioVersion = 16.0.29230.47
MinimumVisualStudioVersion = 10.0.40219.1
Project("{FAE04EC0-301F-11D3-BF4B-00C04F79EFBC}") = "Exercise_4_12", "Exercise_4_12\Exercise_4_12.csproj", "{D6338DC1-2B12-4EE6-853B-62149FF54462}"
EndProject
Global
	GlobalSection(SolutionConfigurationPlatforms) = preSolution
		Debug|Any CPU = Debug|Any CPU
		Release|Any CPU = Release|Any CPU
	EndGlobalSection
	GlobalSection(ProjectConfigurationPlatforms) = postSolution
		{D6338DC1-2B12-4EE6-853B-62149FF54462}.Debug|Any CPU.ActiveCfg = Debug|Any CPU
		{D6338DC1-2B12-4EE6-853B-62149FF54462}.Debug|Any CPU.Build.0 = Debug|Any CPU
		{D6338DC1-2B12-4EE6-853B-62149FF54462}.Release|Any CPU.ActiveCfg = Release|Any CPU
		{D6338DC1-2B12-4EE6-853B-62149FF54462}.Release|Any CPU.Build.0 = Release|Any CPU
	EndGlobalSection
	GlobalSection(SolutionProperties) = preSolution
		HideSolutionNode = FALSE
	EndGlobalSection
	GlobalSection(ExtensibilityGlobals) = postSolution
		SolutionGuid = {26C54C42-D48E-42A9-B696-D861E7CF3263}
	EndGlobalSection
EndGlobal
