
Microsoft Visual Studio Solution File, Format Version 12.00
# Visual Studio Version 16
VisualStudioVersion = 16.0.29230.47
MinimumVisualStudioVersion = 10.0.40219.1
Project("{FAE04EC0-301F-11D3-BF4B-00C04F79EFBC}") = "Assignment9A_Exercise_5_42_Enc", "Assignment9A_Exercise_5_42_Enc\Assignment9A_Exercise_5_42_Enc.csproj", "{EFB49021-42C4-4CFB-A375-8DE904C933A3}"
EndProject
Global
	GlobalSection(SolutionConfigurationPlatforms) = preSolution
		Debug|Any CPU = Debug|Any CPU
		Release|Any CPU = Release|Any CPU
	EndGlobalSection
	GlobalSection(ProjectConfigurationPlatforms) = postSolution
		{EFB49021-42C4-4CFB-A375-8DE904C933A3}.Debug|Any CPU.ActiveCfg = Debug|Any CPU
		{EFB49021-42C4-4CFB-A375-8DE904C933A3}.Debug|Any CPU.Build.0 = Debug|Any CPU
		{EFB49021-42C4-4CFB-A375-8DE904C933A3}.Release|Any CPU.ActiveCfg = Release|Any CPU
		{EFB49021-42C4-4CFB-A375-8DE904C933A3}.Release|Any CPU.Build.0 = Release|Any CPU
	EndGlobalSection
	GlobalSection(SolutionProperties) = preSolution
		HideSolutionNode = FALSE
	EndGlobalSection
	GlobalSection(ExtensibilityGlobals) = postSolution
		SolutionGuid = {F0DD81E2-DE76-4851-964C-AE4E3B173A36}
	EndGlobalSection
EndGlobal
