
Microsoft Visual Studio Solution File, Format Version 12.00
# Visual Studio Version 16
VisualStudioVersion = 16.0.29230.47
MinimumVisualStudioVersion = 10.0.40219.1
Project("{FAE04EC0-301F-11D3-BF4B-00C04F79EFBC}") = "Exercise_16_6", "Exercise_16_6\Exercise_16_6.csproj", "{FF4E860C-B9A6-4EEA-9533-CF6577FD119D}"
EndProject
Global
	GlobalSection(SolutionConfigurationPlatforms) = preSolution
		Debug|Any CPU = Debug|Any CPU
		Release|Any CPU = Release|Any CPU
	EndGlobalSection
	GlobalSection(ProjectConfigurationPlatforms) = postSolution
		{FF4E860C-B9A6-4EEA-9533-CF6577FD119D}.Debug|Any CPU.ActiveCfg = Debug|Any CPU
		{FF4E860C-B9A6-4EEA-9533-CF6577FD119D}.Debug|Any CPU.Build.0 = Debug|Any CPU
		{FF4E860C-B9A6-4EEA-9533-CF6577FD119D}.Release|Any CPU.ActiveCfg = Release|Any CPU
		{FF4E860C-B9A6-4EEA-9533-CF6577FD119D}.Release|Any CPU.Build.0 = Release|Any CPU
	EndGlobalSection
	GlobalSection(SolutionProperties) = preSolution
		HideSolutionNode = FALSE
	EndGlobalSection
	GlobalSection(ExtensibilityGlobals) = postSolution
		SolutionGuid = {16CCB91D-F0FB-41A2-896A-465BC287AE22}
	EndGlobalSection
EndGlobal
