
Microsoft Visual Studio Solution File, Format Version 12.00
# Visual Studio Version 16
VisualStudioVersion = 16.0.29230.47
MinimumVisualStudioVersion = 10.0.40219.1
Project("{FAE04EC0-301F-11D3-BF4B-00C04F79EFBC}") = "SockMerchanceHackerRank", "SockMerchanceHackerRank\SockMerchanceHackerRank.csproj", "{EA91DBD7-B0F4-4A26-9097-0E0F244264A5}"
EndProject
Global
	GlobalSection(SolutionConfigurationPlatforms) = preSolution
		Debug|Any CPU = Debug|Any CPU
		Release|Any CPU = Release|Any CPU
	EndGlobalSection
	GlobalSection(ProjectConfigurationPlatforms) = postSolution
		{EA91DBD7-B0F4-4A26-9097-0E0F244264A5}.Debug|Any CPU.ActiveCfg = Debug|Any CPU
		{EA91DBD7-B0F4-4A26-9097-0E0F244264A5}.Debug|Any CPU.Build.0 = Debug|Any CPU
		{EA91DBD7-B0F4-4A26-9097-0E0F244264A5}.Release|Any CPU.ActiveCfg = Release|Any CPU
		{EA91DBD7-B0F4-4A26-9097-0E0F244264A5}.Release|Any CPU.Build.0 = Release|Any CPU
	EndGlobalSection
	GlobalSection(SolutionProperties) = preSolution
		HideSolutionNode = FALSE
	EndGlobalSection
	GlobalSection(ExtensibilityGlobals) = postSolution
		SolutionGuid = {10F5FD39-53DF-4CEB-9FBC-51354DCB34BC}
	EndGlobalSection
EndGlobal
