
Microsoft Visual Studio Solution File, Format Version 12.00
# Visual Studio Version 16
VisualStudioVersion = 16.0.29230.47
MinimumVisualStudioVersion = 10.0.40219.1
Project("{FAE04EC0-301F-11D3-BF4B-00C04F79EFBC}") = "Exercise_11_3", "Exercise_11_3\Exercise_11_3.csproj", "{D54B0989-2DB5-4541-8DB3-FE46CF82C2E7}"
EndProject
Global
	GlobalSection(SolutionConfigurationPlatforms) = preSolution
		Debug|Any CPU = Debug|Any CPU
		Release|Any CPU = Release|Any CPU
	EndGlobalSection
	GlobalSection(ProjectConfigurationPlatforms) = postSolution
		{D54B0989-2DB5-4541-8DB3-FE46CF82C2E7}.Debug|Any CPU.ActiveCfg = Debug|Any CPU
		{D54B0989-2DB5-4541-8DB3-FE46CF82C2E7}.Debug|Any CPU.Build.0 = Debug|Any CPU
		{D54B0989-2DB5-4541-8DB3-FE46CF82C2E7}.Release|Any CPU.ActiveCfg = Release|Any CPU
		{D54B0989-2DB5-4541-8DB3-FE46CF82C2E7}.Release|Any CPU.Build.0 = Release|Any CPU
	EndGlobalSection
	GlobalSection(SolutionProperties) = preSolution
		HideSolutionNode = FALSE
	EndGlobalSection
	GlobalSection(ExtensibilityGlobals) = postSolution
		SolutionGuid = {5710AAAD-7EFA-4FD2-B68B-3263850F1F1E}
	EndGlobalSection
EndGlobal
